
Microsoft Visual Studio Solution File, Format Version 12.00
# Visual Studio 2012
Project("{FAE04EC0-301F-11D3-BF4B-00C04F79EFBC}") = "wpf-test", "wpf-test\wpf-test.csproj", "{62111EFD-DCAF-4491-B307-3A7F81C6C81E}"
EndProject
Global
	GlobalSection(SolutionConfigurationPlatforms) = preSolution
		Debug|Any CPU = Debug|Any CPU
		Release|Any CPU = Release|Any CPU
	EndGlobalSection
	GlobalSection(ProjectConfigurationPlatforms) = postSolution
		{62111EFD-DCAF-4491-B307-3A7F81C6C81E}.Debug|Any CPU.ActiveCfg = Debug|Any CPU
		{62111EFD-DCAF-4491-B307-3A7F81C6C81E}.Debug|Any CPU.Build.0 = Debug|Any CPU
		{62111EFD-DCAF-4491-B307-3A7F81C6C81E}.Release|Any CPU.ActiveCfg = Release|Any CPU
		{62111EFD-DCAF-4491-B307-3A7F81C6C81E}.Release|Any CPU.Build.0 = Release|Any CPU
	EndGlobalSection
	GlobalSection(SolutionProperties) = preSolution
		HideSolutionNode = FALSE
	EndGlobalSection
EndGlobal
